{
  "name": "Code",
  "lockfileVersion": 3,
  "requires": true,
  "packages": {
    "": {
      "dependencies": {
        "toastie": "^0.0.1",
        "vue-toastification": "^1.7.14"
      }
    },
    "node_modules/toastie": {
      "version": "0.0.1",
      "resolved": "https://registry.npmjs.org/toastie/-/toastie-0.0.1.tgz",
      "integrity": "sha512-AZg628AUGhDTxJqvbdzsoGKDKFgeEJ3hI5BhErlUyd8c+zwxyBZ2fSGKZZqlUUx3PSFvl3wzYNDlHWM2Y1Z1hQ=="
    },
    "node_modules/vue-toastification": {
      "version": "1.7.14",
      "resolved": "https://registry.npmjs.org/vue-toastification/-/vue-toastification-1.7.14.tgz",
      "integrity": "sha512-khZR8t3NWZ/JJ2MZxXLbesHrRJ8AKa75PY5Zq8yMifF9x8lHq8ljYkC0d2PD9yahooygQB5tcFyRDkbbIPx8hw==",
      "peerDependencies": {
        "vue": "^2.0.0"
      }
    }
  }
}
